
Microsoft Visual Studio Solution File, Format Version 12.00
# Visual Studio Version 17
VisualStudioVersion = 17.10.34928.147
MinimumVisualStudioVersion = 10.0.40219.1
Project("{FAE04EC0-301F-11D3-BF4B-00C04F79EFBC}") = "polling System", "polling System\polling System.csproj", "{64643C71-37A0-4F34-9AA3-6D788684C712}"
EndProject
Global
	GlobalSection(SolutionConfigurationPlatforms) = preSolution
		Debug|Any CPU = Debug|Any CPU
		Release|Any CPU = Release|Any CPU
	EndGlobalSection
	GlobalSection(ProjectConfigurationPlatforms) = postSolution
		{64643C71-37A0-4F34-9AA3-6D788684C712}.Debug|Any CPU.ActiveCfg = Debug|Any CPU
		{64643C71-37A0-4F34-9AA3-6D788684C712}.Debug|Any CPU.Build.0 = Debug|Any CPU
		{64643C71-37A0-4F34-9AA3-6D788684C712}.Release|Any CPU.ActiveCfg = Release|Any CPU
		{64643C71-37A0-4F34-9AA3-6D788684C712}.Release|Any CPU.Build.0 = Release|Any CPU
	EndGlobalSection
	GlobalSection(SolutionProperties) = preSolution
		HideSolutionNode = FALSE
	EndGlobalSection
	GlobalSection(ExtensibilityGlobals) = postSolution
		SolutionGuid = {5437732F-52C8-40CC-A098-33A79517A42B}
	EndGlobalSection
EndGlobal
